
Microsoft Visual Studio Solution File, Format Version 12.00
# Visual Studio Version 16
VisualStudioVersion = 16.0.29911.84
MinimumVisualStudioVersion = 10.0.40219.1
Project("{9A19103F-16F7-4668-BE54-9A1E7A4F7556}") = "Admin", "Admin\Admin.csproj", "{9AF33EEC-C11C-40FB-ACF9-F2221E76137B}"
EndProject
Project("{9A19103F-16F7-4668-BE54-9A1E7A4F7556}") = "Service", "Service\Service.csproj", "{E799A6D8-2F4B-4764-888D-6B29F042CD9D}"
EndProject
Project("{FAE04EC0-301F-11D3-BF4B-00C04F79EFBC}") = "Lobby", "Lobby\Lobby.csproj", "{C55B77C4-E5ED-4570-97FE-86381CFB4647}"
EndProject
Global
	GlobalSection(SolutionConfigurationPlatforms) = preSolution
		Debug|Any CPU = Debug|Any CPU
		Release|Any CPU = Release|Any CPU
	EndGlobalSection
	GlobalSection(ProjectConfigurationPlatforms) = postSolution
		{9AF33EEC-C11C-40FB-ACF9-F2221E76137B}.Debug|Any CPU.ActiveCfg = Debug|Any CPU
		{9AF33EEC-C11C-40FB-ACF9-F2221E76137B}.Debug|Any CPU.Build.0 = Debug|Any CPU
		{9AF33EEC-C11C-40FB-ACF9-F2221E76137B}.Release|Any CPU.ActiveCfg = Release|Any CPU
		{9AF33EEC-C11C-40FB-ACF9-F2221E76137B}.Release|Any CPU.Build.0 = Release|Any CPU
		{E799A6D8-2F4B-4764-888D-6B29F042CD9D}.Debug|Any CPU.ActiveCfg = Debug|Any CPU
		{E799A6D8-2F4B-4764-888D-6B29F042CD9D}.Debug|Any CPU.Build.0 = Debug|Any CPU
		{E799A6D8-2F4B-4764-888D-6B29F042CD9D}.Release|Any CPU.ActiveCfg = Release|Any CPU
		{E799A6D8-2F4B-4764-888D-6B29F042CD9D}.Release|Any CPU.Build.0 = Release|Any CPU
		{C55B77C4-E5ED-4570-97FE-86381CFB4647}.Debug|Any CPU.ActiveCfg = Debug|Any CPU
		{C55B77C4-E5ED-4570-97FE-86381CFB4647}.Debug|Any CPU.Build.0 = Debug|Any CPU
		{C55B77C4-E5ED-4570-97FE-86381CFB4647}.Release|Any CPU.ActiveCfg = Release|Any CPU
		{C55B77C4-E5ED-4570-97FE-86381CFB4647}.Release|Any CPU.Build.0 = Release|Any CPU
	EndGlobalSection
	GlobalSection(SolutionProperties) = preSolution
		HideSolutionNode = FALSE
	EndGlobalSection
	GlobalSection(ExtensibilityGlobals) = postSolution
		SolutionGuid = {8652DC64-E655-4270-87A0-161113868CD4}
	EndGlobalSection
EndGlobal
